# This file is generated by running "yarn install" inside your project.
# Manual changes might be lost - proceed with caution!

__metadata:
  version: 6
  cacheKey: 8

"csv-parse@npm:^5.4.0":
  version: 5.4.0
  resolution: "csv-parse@npm:5.4.0"
  checksum: e9c2f23953f628849c476adeb9f500e9c03fcfe98fea7b732366e3c2ed0b07a5e67f32ca12a0132db6eb71601c080b4935b5921296db3625a597e24caa16f633
  languageName: node
  linkType: hard

"fs@npm:^0.0.1-security":
  version: 0.0.1-security
  resolution: "fs@npm:0.0.1-security"
  checksum: 53c6230e1faae9fa32c1df82c16a84b51b1243d20f3da2b64bd110bb472b73b9185169b703e008356e3cdc92d155088b617d9d39a63b5227a30b3621baad7f5d
  languageName: node
  linkType: hard

"js-entrypoint@workspace:.":
  version: 0.0.0-use.local
  resolution: "js-entrypoint@workspace:."
  dependencies:
    test-automation-lib: 1.0.0
  languageName: unknown
  linkType: soft

"test-automation-lib@portal:../test-automation-lib::locator=js-entrypoint%40workspace%3A.":
  version: 0.0.0-use.local
  resolution: "test-automation-lib@portal:../test-automation-lib::locator=js-entrypoint%40workspace%3A."
  dependencies:
    csv-parse: ^5.4.0
    fs: ^0.0.1-security
  languageName: node
  linkType: soft
